dependencies:
- name: db
  repository: https://jchen5580.github.io/charts
  version: 0.1.0
- name: redis
  repository: https://jchen5580.github.io/charts
  version: 0.1.0
- name: voting-service
  repository: https://jchen5580.github.io/charts
  version: 0.1.0
- name: result-service
  repository: https://jchen5580.github.io/charts
  version: 0.1.0
- name: worker
  repository: https://jchen5580.github.io/charts
  version: 0.1.0
digest: sha256:e4134b0d4e0f2a9022cbeeed4ec90e26fec5e4f18af3933fc8072edba5bea4a4
generated: "2020-06-28T16:51:42.4895534-04:00"
