dependencies:
- name: db
  repository: https://jchen5580.github.io/charts
  version: 0.1.0
- name: redis
  repository: https://jchen5580.github.io/charts
  version: 0.1.0
- name: voting-service
  repository: https://jchen5580.github.io/charts
  version: 0.1.0
- name: result-service
  repository: https://jchen5580.github.io/charts
  version: 0.1.0
- name: worker
  repository: https://jchen5580.github.io/charts
  version: 0.1.0
digest: sha256:a29c4bb6fe87b4d06fbc8f4c91a27f35986784c965812ce012738a40711367f5
generated: "2020-06-27T14:23:59.856403-04:00"
